{
  "name": "qt",
  "lockfileVersion": 2,
  "requires": true,
  "packages": {
    "": {
      "dependencies": {
        "dwt": "^19.3.0"
      }
    },
    "node_modules/dwt": {
      "version": "19.3.1",
      "resolved": "https://registry.npmjs.org/dwt/-/dwt-19.3.1.tgz",
      "integrity": "sha512-ibKSlhha526L7bMAmFPPbxyLvpcV+xPwNIojk1ih1Vf1GVv+AqC7aeMXuRL4y0x14xd0J3aO0VrTQJbEk5H+Vg==",
      "license": "SEE LICENSE IN LICENSE.txt",
      "dependencies": {
        "dynamsoft-core": "*"
      }
    },
    "node_modules/dynamsoft-core": {
      "version": "3.4.31",
      "resolved": "https://registry.npmjs.org/dynamsoft-core/-/dynamsoft-core-3.4.31.tgz",
      "integrity": "sha512-bgu1cDnYSCMVCc59wM8OpsNUdQg2tMezqAeRxHz+SCvSDs1RkMCZA2XlTU3pdtB0zo1xdLiza6l9uaKGrDf3UQ==",
      "deprecated": "This package is deprecated. Please use dynamsoft-barcode-reader-bundle instead: https://www.npmjs.com/package/dynamsoft-barcode-reader-bundle",
      "license": "SEE LICENSE IN LICENSE"
    }
  },
  "dependencies": {
    "dwt": {
      "version": "19.3.1",
      "resolved": "https://registry.npmjs.org/dwt/-/dwt-19.3.1.tgz",
      "integrity": "sha512-ibKSlhha526L7bMAmFPPbxyLvpcV+xPwNIojk1ih1Vf1GVv+AqC7aeMXuRL4y0x14xd0J3aO0VrTQJbEk5H+Vg==",
      "requires": {
        "dynamsoft-core": "*"
      }
    },
    "dynamsoft-core": {
      "version": "3.4.31",
      "resolved": "https://registry.npmjs.org/dynamsoft-core/-/dynamsoft-core-3.4.31.tgz",
      "integrity": "sha512-bgu1cDnYSCMVCc59wM8OpsNUdQg2tMezqAeRxHz+SCvSDs1RkMCZA2XlTU3pdtB0zo1xdLiza6l9uaKGrDf3UQ=="
    }
  }
}
