{
  "name": "qt",
  "lockfileVersion": 2,
  "requires": true,
  "packages": {
    "": {
      "dependencies": {
        "dwt": "^18.5.0-patch-20240517"
      }
    },
    "node_modules/dwt": {
      "version": "18.5.0-patch-20240517",
      "resolved": "https://registry.npmjs.org/dwt/-/dwt-18.5.0-patch-20240517.tgz",
      "integrity": "sha512-TbVnlCDDXsC7G2r8I9U+SZ1jHVzCY9XFg99g+49GenyVPDnl9kEME2bnZAtvBUDgrOQfrRResvliSwfjCEfTqQ=="
    }
  },
  "dependencies": {
    "dwt": {
      "version": "18.5.0-patch-20240517",
      "resolved": "https://registry.npmjs.org/dwt/-/dwt-18.5.0-patch-20240517.tgz",
      "integrity": "sha512-TbVnlCDDXsC7G2r8I9U+SZ1jHVzCY9XFg99g+49GenyVPDnl9kEME2bnZAtvBUDgrOQfrRResvliSwfjCEfTqQ=="
    }
  }
}
