{
  "name": "wwwroot",
  "lockfileVersion": 3,
  "requires": true,
  "packages": {
    "": {
      "dependencies": {
        "dynamsoft-capture-vision-router": "^2.0.30",
        "dynamsoft-core": "^3.0.30",
        "dynamsoft-document-normalizer": "^2.0.20",
        "dynamsoft-document-viewer": "^1.1.0",
        "dynamsoft-license": "^3.0.20"
      }
    },
    "node_modules/dynamsoft-capture-vision-router": {
      "version": "2.0.30",
      "resolved": "https://registry.npmjs.org/dynamsoft-capture-vision-router/-/dynamsoft-capture-vision-router-2.0.30.tgz",
      "integrity": "sha512-1tOaVq732+rzLDQr1dYVKvjGpjVLlVpiP68FfaQ3GHJa4tQ08o+KbwA9dBxCYnZgSLXzersH/veaqoamcLN/UA==",
      "dependencies": {
        "dynamsoft-core": "^3.0.30"
      },
      "peerDependencies": {
        "node-fetch": "^2.6.5",
        "node-localstorage": "^2.2.1"
      },
      "peerDependenciesMeta": {
        "node-fetch": {
          "optional": true
        },
        "node-localstorage": {
          "optional": true
        }
      }
    },
    "node_modules/dynamsoft-core": {
      "version": "3.0.30",
      "resolved": "https://registry.npmjs.org/dynamsoft-core/-/dynamsoft-core-3.0.30.tgz",
      "integrity": "sha512-hWunmBV54S91W0ebOohji6MWwpHOX3g4i4HYAWAJTQ9K2yfRQa7622yTZdEb6Lfz5gYewObeVSs+bSI2XqZHJg=="
    },
    "node_modules/dynamsoft-document-normalizer": {
      "version": "2.0.20",
      "resolved": "https://registry.npmjs.org/dynamsoft-document-normalizer/-/dynamsoft-document-normalizer-2.0.20.tgz",
      "integrity": "sha512-aVhstynCj8Ywu1QAANYJvc2K8MqtJZC6uRMwmOjlbEL5KrjNDqrQflazBtoe0Z/iGw5nG0zP5cJGdI4aV8AStQ==",
      "dependencies": {
        "dynamsoft-core": "^3.0.30"
      }
    },
    "node_modules/dynamsoft-document-viewer": {
      "version": "1.1.0",
      "resolved": "https://registry.npmjs.org/dynamsoft-document-viewer/-/dynamsoft-document-viewer-1.1.0.tgz",
      "integrity": "sha512-kiAdqFXPMMVSa0bw8P2Y8CN4AL4uXhM6Iq44UabSaE91VcFwrGafPqm16kHs+jIarrQpi8Jm8vDI2dKU6OIM3A==",
      "dependencies": {
        "dynamsoft-core": "*"
      }
    },
    "node_modules/dynamsoft-license": {
      "version": "3.0.20",
      "resolved": "https://registry.npmjs.org/dynamsoft-license/-/dynamsoft-license-3.0.20.tgz",
      "integrity": "sha512-zzJLg+NqpNtsA3PDsVdnEzLArxbXLRfJ4NE3isi56xMriD/CO39IwCv2QxWkfcZZ+mRe+JtpSelvczUT1qskjg==",
      "dependencies": {
        "dynamsoft-core": "^3.0.30"
      }
    }
  }
}
