{
    "name": "docscanner",
    "version": "1.0.0",
    "lockfileVersion": 2,
    "requires": true,
    "packages": {
        "": {
            "name": "docscanner",
            "version": "1.0.0",
            "dependencies": {
                "dwt": "^18.4.2"
            }
        },
        "node_modules/dwt": {
            "version": "18.4.2",
            "resolved": "https://registry.npmjs.org/dwt/-/dwt-18.4.2.tgz",
            "integrity": "sha512-q+ItqiAzkrkyKaR9EaA1wQoDWJHg8VkGy3g05MVPTtb4p3qb7arbAw9Fpdl3Y0V+DSA14Ypj1c+RMy6jC3hoRA=="
        }
    },
    "dependencies": {
        "dwt": {
            "version": "18.4.2",
            "resolved": "https://registry.npmjs.org/dwt/-/dwt-18.4.2.tgz",
            "integrity": "sha512-q+ItqiAzkrkyKaR9EaA1wQoDWJHg8VkGy3g05MVPTtb4p3qb7arbAw9Fpdl3Y0V+DSA14Ypj1c+RMy6jC3hoRA=="
        }
    }
}
